// !$*UTF8*$!
{
	archiveVersion = 1;
	classes = {
	};
	objectVersion = 50;
	objects = {

/* Begin PBXBuildFile section */
		5380735C20A825C900FB9F22 /* AppDelegate.swift in Sources */ = {isa = PBXBuildFile; fileRef = 5380735B20A825C900FB9F22 /* AppDelegate.swift */; };
		5380735E20A825C900FB9F22 /* ViewController.swift in Sources */ = {isa = PBXBuildFile; fileRef = 5380735D20A825C900FB9F22 /* ViewController.swift */; };
		5380736120A825C900FB9F22 /* Main.storyboard in Resources */ = {isa = PBXBuildFile; fileRef = 5380735F20A825C900FB9F22 /* Main.storyboard */; };
		5380736320A825CB00FB9F22 /* Assets.xcassets in Resources */ = {isa = PBXBuildFile; fileRef = 5380736220A825CB00FB9F22 /* Assets.xcassets */; };
		5380736620A825CB00FB9F22 /* LaunchScreen.storyboard in Resources */ = {isa = PBXBuildFile; fileRef = 5380736420A825CB00FB9F22 /* LaunchScreen.storyboard */; };
		5380737020A8266B00FB9F22 /* NLCache.swift in Sources */ = {isa = PBXBuildFile; fileRef = 5380736F20A8266B00FB9F22 /* NLCache.swift */; };
		5380737220A8267B00FB9F22 /* NLMemoryCache.swift in Sources */ = {isa = PBXBuildFile; fileRef = 5380737120A8267B00FB9F22 /* NLMemoryCache.swift */; };
		5380737420A8269900FB9F22 /* NLDoubleLinkedList.swift in Sources */ = {isa = PBXBuildFile; fileRef = 5380737320A8269900FB9F22 /* NLDoubleLinkedList.swift */; };
		5380737620A826AB00FB9F22 /* NLListNode.swift in Sources */ = {isa = PBXBuildFile; fileRef = 5380737520A826AB00FB9F22 /* NLListNode.swift */; };
/* End PBXBuildFile section */

/* Begin PBXFileReference section */
		5380735820A825C900FB9F22 /* NLCache.app */ = {isa = PBXFileReference; explicitFileType = wrapper.application; includeInIndex = 0; path = NLCache.app; sourceTree = BUILT_PRODUCTS_DIR; };
		5380735B20A825C900FB9F22 /* AppDelegate.swift */ = {isa = PBXFileReference; lastKnownFileType = sourcecode.swift; path = AppDelegate.swift; sourceTree = "<group>"; };
		5380735D20A825C900FB9F22 /* ViewController.swift */ = {isa = PBXFileReference; lastKnownFileType = sourcecode.swift; path = ViewController.swift; sourceTree = "<group>"; };
		5380736020A825C900FB9F22 /* Base */ = {isa = PBXFileReference; lastKnownFileType = file.storyboard; name = Base; path = Base.lproj/Main.storyboard; sourceTree = "<group>"; };
		5380736220A825CB00FB9F22 /* Assets.xcassets */ = {isa = PBXFileReference; lastKnownFileType = folder.assetcatalog; path = Assets.xcassets; sourceTree = "<group>"; };
		5380736520A825CB00FB9F22 /* Base */ = {isa = PBXFileReference; lastKnownFileType = file.storyboard; name = Base; path = Base.lproj/LaunchScreen.storyboard; sourceTree = "<group>"; };
		5380736720A825CB00FB9F22 /* Info.plist */ = {isa = PBXFileReference; lastKnownFileType = text.plist.xml; path = Info.plist; sourceTree = "<group>"; };
		5380736F20A8266B00FB9F22 /* NLCache.swift */ = {isa = PBXFileReference; lastKnownFileType = sourcecode.swift; path = NLCache.swift; sourceTree = "<group>"; };
		5380737120A8267B00FB9F22 /* NLMemoryCache.swift */ = {isa = PBXFileReference; lastKnownFileType = sourcecode.swift; path = NLMemoryCache.swift; sourceTree = "<group>"; };
		5380737320A8269900FB9F22 /* NLDoubleLinkedList.swift */ = {isa = PBXFileReference; lastKnownFileType = sourcecode.swift; path = NLDoubleLinkedList.swift; sourceTree = "<group>"; };
		5380737520A826AB00FB9F22 /* NLListNode.swift */ = {isa = PBXFileReference; lastKnownFileType = sourcecode.swift; path = NLListNode.swift; sourceTree = "<group>"; };
/* End PBXFileReference section */

/* Begin PBXFrameworksBuildPhase section */
		5380735520A825C900FB9F22 /* Frameworks */ = {
			isa = PBXFrameworksBuildPhase;
			buildActionMask = 2147483647;
			files = (
			);
			runOnlyForDeploymentPostprocessing = 0;
		};
/* End PBXFrameworksBuildPhase section */

/* Begin PBXGroup section */
		5380734F20A825C900FB9F22 = {
			isa = PBXGroup;
			children = (
				5380736D20A8263500FB9F22 /* NLCacheDemo */,
				5380735A20A825C900FB9F22 /* NLCache */,
				5380735920A825C900FB9F22 /* Products */,
			);
			sourceTree = "<group>";
		};
		5380735920A825C900FB9F22 /* Products */ = {
			isa = PBXGroup;
			children = (
				5380735820A825C900FB9F22 /* NLCache.app */,
			);
			name = Products;
			sourceTree = "<group>";
		};
		5380735A20A825C900FB9F22 /* NLCache */ = {
			isa = PBXGroup;
			children = (
				5380736F20A8266B00FB9F22 /* NLCache.swift */,
				5380737120A8267B00FB9F22 /* NLMemoryCache.swift */,
				5380737320A8269900FB9F22 /* NLDoubleLinkedList.swift */,
				5380737520A826AB00FB9F22 /* NLListNode.swift */,
			);
			path = NLCache;
			sourceTree = "<group>";
		};
		5380736D20A8263500FB9F22 /* NLCacheDemo */ = {
			isa = PBXGroup;
			children = (
				5380735F20A825C900FB9F22 /* Main.storyboard */,
				5380735D20A825C900FB9F22 /* ViewController.swift */,
				5380736E20A8264B00FB9F22 /* SupptringFiles */,
			);
			path = NLCacheDemo;
			sourceTree = "<group>";
		};
		5380736E20A8264B00FB9F22 /* SupptringFiles */ = {
			isa = PBXGroup;
			children = (
				5380736220A825CB00FB9F22 /* Assets.xcassets */,
				5380736720A825CB00FB9F22 /* Info.plist */,
				5380736420A825CB00FB9F22 /* LaunchScreen.storyboard */,
				5380735B20A825C900FB9F22 /* AppDelegate.swift */,
			);
			path = SupptringFiles;
			sourceTree = "<group>";
		};
/* End PBXGroup section */

/* Begin PBXNativeTarget section */
		5380735720A825C900FB9F22 /* NLCache */ = {
			isa = PBXNativeTarget;
			buildConfigurationList = 5380736A20A825CB00FB9F22 /* Build configuration list for PBXNativeTarget "NLCache" */;
			buildPhases = (
				5380735420A825C900FB9F22 /* Sources */,
				5380735520A825C900FB9F22 /* Frameworks */,
				5380735620A825C900FB9F22 /* Resources */,
			);
			buildRules = (
			);
			dependencies = (
			);
			name = NLCache;
			productName = NLCache;
			productReference = 5380735820A825C900FB9F22 /* NLCache.app */;
			productType = "com.apple.product-type.application";
		};
/* End PBXNativeTarget section */

/* Begin PBXProject section */
		5380735020A825C900FB9F22 /* Project object */ = {
			isa = PBXProject;
			attributes = {
				LastSwiftUpdateCheck = 0930;
				LastUpgradeCheck = 0930;
				ORGANIZATIONNAME = Nathan;
				TargetAttributes = {
					5380735720A825C900FB9F22 = {
						CreatedOnToolsVersion = 9.3;
					};
				};
			};
			buildConfigurationList = 5380735320A825C900FB9F22 /* Build configuration list for PBXProject "NLCache" */;
			compatibilityVersion = "Xcode 9.3";
			developmentRegion = en;
			hasScannedForEncodings = 0;
			knownRegions = (
				en,
				Base,
			);
			mainGroup = 5380734F20A825C900FB9F22;
			productRefGroup = 5380735920A825C900FB9F22 /* Products */;
			projectDirPath = "";
			projectRoot = "";
			targets = (
				5380735720A825C900FB9F22 /* NLCache */,
			);
		};
/* End PBXProject section */

/* Begin PBXResourcesBuildPhase section */
		5380735620A825C900FB9F22 /* Resources */ = {
			isa = PBXResourcesBuildPhase;
			buildActionMask = 2147483647;
			files = (
				5380736620A825CB00FB9F22 /* LaunchScreen.storyboard in Resources */,
				5380736320A825CB00FB9F22 /* Assets.xcassets in Resources */,
				5380736120A825C900FB9F22 /* Main.storyboard in Resources */,
			);
			runOnlyForDeploymentPostprocessing = 0;
		};
/* End PBXResourcesBuildPhase section */

/* Begin PBXSourcesBuildPhase section */
		5380735420A825C900FB9F22 /* Sources */ = {
			isa = PBXSourcesBuildPhase;
			buildActionMask = 2147483647;
			files = (
				5380737020A8266B00FB9F22 /* NLCache.swift in Sources */,
				5380737220A8267B00FB9F22 /* NLMemoryCache.swift in Sources */,
				5380735E20A825C900FB9F22 /* ViewController.swift in Sources */,
				5380737420A8269900FB9F22 /* NLDoubleLinkedList.swift in Sources */,
				5380735C20A825C900FB9F22 /* AppDelegate.swift in Sources */,
				5380737620A826AB00FB9F22 /* NLListNode.swift in Sources */,
			);
			runOnlyForDeploymentPostprocessing = 0;
		};
/* End PBXSourcesBuildPhase section */

/* Begin PBXVariantGroup section */
		5380735F20A825C900FB9F22 /* Main.storyboard */ = {
			isa = PBXVariantGroup;
			children = (
				5380736020A825C900FB9F22 /* Base */,
			);
			name = Main.storyboard;
			sourceTree = "<group>";
		};
		5380736420A825CB00FB9F22 /* LaunchScreen.storyboard */ = {
			isa = PBXVariantGroup;
			children = (
				5380736520A825CB00FB9F22 /* Base */,
			);
			name = LaunchScreen.storyboard;
			sourceTree = "<group>";
		};
/* End PBXVariantGroup section */

/* Begin XCBuildConfiguration section */
		5380736820A825CB00FB9F22 /* Debug */ = {
			isa = XCBuildConfiguration;
			buildSettings = {
				ALWAYS_SEARCH_USER_PATHS = NO;
				CLANG_ANALYZER_NONNULL = YES;
				CLANG_ANALYZER_NUMBER_OBJECT_CONVERSION = YES_AGGRESSIVE;
				CLANG_CXX_LANGUAGE_STANDARD = "gnu++14";
				CLANG_CXX_LIBRARY = "libc++";
				CLANG_ENABLE_MODULES = YES;
				CLANG_ENABLE_OBJC_ARC = YES;
				CLANG_ENABLE_OBJC_WEAK = YES;
				CLANG_WARN_BLOCK_CAPTURE_AUTORELEASING = YES;
				CLANG_WARN_BOOL_CONVERSION = YES;
				CLANG_WARN_COMMA = YES;
				CLANG_WARN_CONSTANT_CONVERSION = YES;
				CLANG_WARN_DEPRECATED_OBJC_IMPLEMENTATIONS = YES;
				CLANG_WARN_DIRECT_OBJC_ISA_USAGE = YES_ERROR;
				CLANG_WARN_DOCUMENTATION_COMMENTS = YES;
				CLANG_WARN_EMPTY_BODY = YES;
				CLANG_WARN_ENUM_CONVERSION = YES;
				CLANG_WARN_INFINITE_RECURSION = YES;
				CLANG_WARN_INT_CONVERSION = YES;
				CLANG_WARN_NON_LITERAL_NULL_CONVERSION = YES;
				CLANG_WARN_OBJC_IMPLICIT_RETAIN_SELF = YES;
				CLANG_WARN_OBJC_LITERAL_CONVERSION = YES;
				CLANG_WARN_OBJC_ROOT_CLASS = YES_ERROR;
				CLANG_WARN_RANGE_LOOP_ANALYSIS = YES;
				CLANG_WARN_STRICT_PROTOTYPES = YES;
				CLANG_WARN_SUSPICIOUS_MOVE = YES;
				CLANG_WARN_UNGUARDED_AVAILABILITY = YES_AGGRESSIVE;
				CLANG_WARN_UNREACHABLE_CODE = YES;
				CLANG_WARN__DUPLICATE_METHOD_MATCH = YES;
				CODE_SIGN_IDENTITY = "iPhone Developer";
				COPY_PHASE_STRIP = NO;
				DEBUG_INFORMATION_FORMAT = dwarf;
				ENABLE_STRICT_OBJC_MSGSEND = YES;
				ENABLE_TESTABILITY = YES;
				GCC_C_LANGUAGE_STANDARD = gnu11;
				GCC_DYNAMIC_NO_PIC = NO;
				GCC_NO_COMMON_BLOCKS = YES;
				GCC_OPTIMIZATION_LEVEL = 0;
				GCC_PREPROCESSOR_DEFINITIONS = (
					"DEBUG=1",
					"$(inherited)",
				);
				GCC_WARN_64_TO_32_BIT_CONVERSION = YES;
				GCC_WARN_ABOUT_RETURN_TYPE = YES_ERROR;
				GCC_WARN_UNDECLARED_SELECTOR = YES;
				GCC_WARN_UNINITIALIZED_AUTOS = YES_AGGRESSIVE;
				GCC_WARN_UNUSED_FUNCTION = YES;
				GCC_WARN_UNUSED_VARIABLE = YES;
				IPHONEOS_DEPLOYMENT_TARGET = 11.3;
				MTL_ENABLE_DEBUG_INFO = YES;
				ONLY_ACTIVE_ARCH = YES;
				SDKROOT = iphoneos;
				SWIFT_ACTIVE_COMPILATION_CONDITIONS = DEBUG;
				SWIFT_OPTIMIZATION_LEVEL = "-Onone";
			};
			name = Debug;
		};
		5380736920A825CB00FB9F22 /* Release */ = {
			isa = XCBuildConfiguration;
			buildSettings = {
				ALWAYS_SEARCH_USER_PATHS = NO;
				CLANG_ANALYZER_NONNULL = YES;
				CLANG_ANALYZER_NUMBER_OBJECT_CONVERSION = YES_AGGRESSIVE;
				CLANG_CXX_LANGUAGE_STANDARD = "gnu++14";
				CLANG_CXX_LIBRARY = "libc++";
				CLANG_ENABLE_MODULES = YES;
				CLANG_ENABLE_OBJC_ARC = YES;
				CLANG_ENABLE_OBJC_WEAK = YES;
				CLANG_WARN_BLOCK_CAPTURE_AUTORELEASING = YES;
				CLANG_WARN_BOOL_CONVERSION = YES;
				CLANG_WARN_COMMA = YES;
				CLANG_WARN_CONSTANT_CONVERSION = YES;
				CLANG_WARN_DEPRECATED_OBJC_IMPLEMENTATIONS = YES;
				CLANG_WARN_DIRECT_OBJC_ISA_USAGE = YES_ERROR;
				CLANG_WARN_DOCUMENTATION_COMMENTS = YES;
				CLANG_WARN_EMPTY_BODY = YES;
				CLANG_WARN_ENUM_CONVERSION = YES;
				CLANG_WARN_INFINITE_RECURSION = YES;
				CLANG_WARN_INT_CONVERSION = YES;
				CLANG_WARN_NON_LITERAL_NULL_CONVERSION = YES;
				CLANG_WARN_OBJC_IMPLICIT_RETAIN_SELF = YES;
				CLANG_WARN_OBJC_LITERAL_CONVERSION = YES;
				CLANG_WARN_OBJC_ROOT_CLASS = YES_ERROR;
				CLANG_WARN_RANGE_LOOP_ANALYSIS = YES;
				CLANG_WARN_STRICT_PROTOTYPES = YES;
				CLANG_WARN_SUSPICIOUS_MOVE = YES;
				CLANG_WARN_UNGUARDED_AVAILABILITY = YES_AGGRESSIVE;
				CLANG_WARN_UNREACHABLE_CODE = YES;
				CLANG_WARN__DUPLICATE_METHOD_MATCH = YES;
				CODE_SIGN_IDENTITY = "iPhone Developer";
				COPY_PHASE_STRIP = NO;
				DEBUG_INFORMATION_FORMAT = "dwarf-with-dsym";
				ENABLE_NS_ASSERTIONS = NO;
				ENABLE_STRICT_OBJC_MSGSEND = YES;
				GCC_C_LANGUAGE_STANDARD = gnu11;
				GCC_NO_COMMON_BLOCKS = YES;
				GCC_WARN_64_TO_32_BIT_CONVERSION = YES;
				GCC_WARN_ABOUT_RETURN_TYPE = YES_ERROR;
				GCC_WARN_UNDECLARED_SELECTOR = YES;
				GCC_WARN_UNINITIALIZED_AUTOS = YES_AGGRESSIVE;
				GCC_WARN_UNUSED_FUNCTION = YES;
				GCC_WARN_UNUSED_VARIABLE = YES;
				IPHONEOS_DEPLOYMENT_TARGET = 11.3;
				MTL_ENABLE_DEBUG_INFO = NO;
				SDKROOT = iphoneos;
				SWIFT_COMPILATION_MODE = wholemodule;
				SWIFT_OPTIMIZATION_LEVEL = "-O";
				VALIDATE_PRODUCT = YES;
			};
			name = Release;
		};
		5380736B20A825CB00FB9F22 /* Debug */ = {
			isa = XCBuildConfiguration;
			buildSettings = {
				ASSETCATALOG_COMPILER_APPICON_NAME = AppIcon;
				CODE_SIGN_STYLE = Automatic;
				DEVELOPMENT_TEAM = 4BK622B2V3;
				INFOPLIST_FILE = NLCache/Info.plist;
				LD_RUNPATH_SEARCH_PATHS = (
					"$(inherited)",
					"@executable_path/Frameworks",
				);
				PRODUCT_BUNDLE_IDENTIFIER = nathan.NLCache;
				PRODUCT_NAME = "$(TARGET_NAME)";
				SWIFT_VERSION = 4.0;
				TARGETED_DEVICE_FAMILY = "1,2";
			};
			name = Debug;
		};
		5380736C20A825CB00FB9F22 /* Release */ = {
			isa = XCBuildConfiguration;
			buildSettings = {
				ASSETCATALOG_COMPILER_APPICON_NAME = AppIcon;
				CODE_SIGN_STYLE = Automatic;
				DEVELOPMENT_TEAM = 4BK622B2V3;
				INFOPLIST_FILE = NLCache/Info.plist;
				LD_RUNPATH_SEARCH_PATHS = (
					"$(inherited)",
					"@executable_path/Frameworks",
				);
				PRODUCT_BUNDLE_IDENTIFIER = nathan.NLCache;
				PRODUCT_NAME = "$(TARGET_NAME)";
				SWIFT_VERSION = 4.0;
				TARGETED_DEVICE_FAMILY = "1,2";
			};
			name = Release;
		};
/* End XCBuildConfiguration section */

/* Begin XCConfigurationList section */
		5380735320A825C900FB9F22 /* Build configuration list for PBXProject "NLCache" */ = {
			isa = XCConfigurationList;
			buildConfigurations = (
				5380736820A825CB00FB9F22 /* Debug */,
				5380736920A825CB00FB9F22 /* Release */,
			);
			defaultConfigurationIsVisible = 0;
			defaultConfigurationName = Release;
		};
		5380736A20A825CB00FB9F22 /* Build configuration list for PBXNativeTarget "NLCache" */ = {
			isa = XCConfigurationList;
			buildConfigurations = (
				5380736B20A825CB00FB9F22 /* Debug */,
				5380736C20A825CB00FB9F22 /* Release */,
			);
			defaultConfigurationIsVisible = 0;
			defaultConfigurationName = Release;
		};
/* End XCConfigurationList section */
	};
	rootObject = 5380735020A825C900FB9F22 /* Project object */;
}
