// !$*UTF8*$!
{
	archiveVersion = 1;
	classes = {
	};
	objectVersion = 50;
	objects = {

/* Begin PBXBuildFile section */
		5360E64F20A9CB89005BBB47 /* AppDelegate.swift in Sources */ = {isa = PBXBuildFile; fileRef = 5360E64E20A9CB89005BBB47 /* AppDelegate.swift */; };
		5360E65120A9CB89005BBB47 /* ViewController.swift in Sources */ = {isa = PBXBuildFile; fileRef = 5360E65020A9CB89005BBB47 /* ViewController.swift */; };
		5360E65420A9CB89005BBB47 /* Main.storyboard in Resources */ = {isa = PBXBuildFile; fileRef = 5360E65220A9CB89005BBB47 /* Main.storyboard */; };
		5360E65620A9CB8A005BBB47 /* Assets.xcassets in Resources */ = {isa = PBXBuildFile; fileRef = 5360E65520A9CB8A005BBB47 /* Assets.xcassets */; };
		5360E65920A9CB8A005BBB47 /* LaunchScreen.storyboard in Resources */ = {isa = PBXBuildFile; fileRef = 5360E65720A9CB8A005BBB47 /* LaunchScreen.storyboard */; };
		5360E67020A9CD3A005BBB47 /* NLMemoryCache.swift in Sources */ = {isa = PBXBuildFile; fileRef = 5360E66C20A9CD3A005BBB47 /* NLMemoryCache.swift */; };
		5360E67120A9CD3A005BBB47 /* NLLinkedMapNode.swift in Sources */ = {isa = PBXBuildFile; fileRef = 5360E66D20A9CD3A005BBB47 /* NLLinkedMapNode.swift */; };
		5360E67220A9CD3A005BBB47 /* NLLinkedMap.swift in Sources */ = {isa = PBXBuildFile; fileRef = 5360E66E20A9CD3A005BBB47 /* NLLinkedMap.swift */; };
		5360E67320A9CD3A005BBB47 /* NLCache.swift in Sources */ = {isa = PBXBuildFile; fileRef = 5360E66F20A9CD3A005BBB47 /* NLCache.swift */; };
		53EF95C820AEB6E700503771 /* NLDiskCache.swift in Sources */ = {isa = PBXBuildFile; fileRef = 53EF95C720AEB6E700503771 /* NLDiskCache.swift */; };
		53EF95CA20AECA3F00503771 /* NLKVStorageItem.swift in Sources */ = {isa = PBXBuildFile; fileRef = 53EF95C920AECA3F00503771 /* NLKVStorageItem.swift */; };
		53EF95CC20AECA5800503771 /* NLKVStorage.swift in Sources */ = {isa = PBXBuildFile; fileRef = 53EF95CB20AECA5800503771 /* NLKVStorage.swift */; };
/* End PBXBuildFile section */

/* Begin PBXFileReference section */
		5360E64B20A9CB89005BBB47 /* Demo.app */ = {isa = PBXFileReference; explicitFileType = wrapper.application; includeInIndex = 0; path = Demo.app; sourceTree = BUILT_PRODUCTS_DIR; };
		5360E64E20A9CB89005BBB47 /* AppDelegate.swift */ = {isa = PBXFileReference; lastKnownFileType = sourcecode.swift; path = AppDelegate.swift; sourceTree = "<group>"; };
		5360E65020A9CB89005BBB47 /* ViewController.swift */ = {isa = PBXFileReference; lastKnownFileType = sourcecode.swift; path = ViewController.swift; sourceTree = "<group>"; };
		5360E65320A9CB89005BBB47 /* Base */ = {isa = PBXFileReference; lastKnownFileType = file.storyboard; name = Base; path = Base.lproj/Main.storyboard; sourceTree = "<group>"; };
		5360E65520A9CB8A005BBB47 /* Assets.xcassets */ = {isa = PBXFileReference; lastKnownFileType = folder.assetcatalog; path = Assets.xcassets; sourceTree = "<group>"; };
		5360E65820A9CB8A005BBB47 /* Base */ = {isa = PBXFileReference; lastKnownFileType = file.storyboard; name = Base; path = Base.lproj/LaunchScreen.storyboard; sourceTree = "<group>"; };
		5360E65A20A9CB8A005BBB47 /* Info.plist */ = {isa = PBXFileReference; lastKnownFileType = text.plist.xml; path = Info.plist; sourceTree = "<group>"; };
		5360E66C20A9CD3A005BBB47 /* NLMemoryCache.swift */ = {isa = PBXFileReference; fileEncoding = 4; lastKnownFileType = sourcecode.swift; path = NLMemoryCache.swift; sourceTree = "<group>"; };
		5360E66D20A9CD3A005BBB47 /* NLLinkedMapNode.swift */ = {isa = PBXFileReference; fileEncoding = 4; lastKnownFileType = sourcecode.swift; path = NLLinkedMapNode.swift; sourceTree = "<group>"; };
		5360E66E20A9CD3A005BBB47 /* NLLinkedMap.swift */ = {isa = PBXFileReference; fileEncoding = 4; lastKnownFileType = sourcecode.swift; path = NLLinkedMap.swift; sourceTree = "<group>"; };
		5360E66F20A9CD3A005BBB47 /* NLCache.swift */ = {isa = PBXFileReference; fileEncoding = 4; lastKnownFileType = sourcecode.swift; path = NLCache.swift; sourceTree = "<group>"; };
		53EF95C720AEB6E700503771 /* NLDiskCache.swift */ = {isa = PBXFileReference; lastKnownFileType = sourcecode.swift; path = NLDiskCache.swift; sourceTree = "<group>"; };
		53EF95C920AECA3F00503771 /* NLKVStorageItem.swift */ = {isa = PBXFileReference; lastKnownFileType = sourcecode.swift; path = NLKVStorageItem.swift; sourceTree = "<group>"; };
		53EF95CB20AECA5800503771 /* NLKVStorage.swift */ = {isa = PBXFileReference; lastKnownFileType = sourcecode.swift; path = NLKVStorage.swift; sourceTree = "<group>"; };
/* End PBXFileReference section */

/* Begin PBXFrameworksBuildPhase section */
		5360E64820A9CB89005BBB47 /* Frameworks */ = {
			isa = PBXFrameworksBuildPhase;
			buildActionMask = 2147483647;
			files = (
			);
			runOnlyForDeploymentPostprocessing = 0;
		};
/* End PBXFrameworksBuildPhase section */

/* Begin PBXGroup section */
		5360E64220A9CB89005BBB47 = {
			isa = PBXGroup;
			children = (
				5360E66B20A9CD3A005BBB47 /* NLCache */,
				5360E64D20A9CB89005BBB47 /* Demo */,
				5360E64C20A9CB89005BBB47 /* Products */,
			);
			sourceTree = "<group>";
		};
		5360E64C20A9CB89005BBB47 /* Products */ = {
			isa = PBXGroup;
			children = (
				5360E64B20A9CB89005BBB47 /* Demo.app */,
			);
			name = Products;
			sourceTree = "<group>";
		};
		5360E64D20A9CB89005BBB47 /* Demo */ = {
			isa = PBXGroup;
			children = (
				5360E66220A9CBAD005BBB47 /* SupportingFiles */,
				5360E65020A9CB89005BBB47 /* ViewController.swift */,
				5360E65220A9CB89005BBB47 /* Main.storyboard */,
				5360E65A20A9CB8A005BBB47 /* Info.plist */,
			);
			path = Demo;
			sourceTree = "<group>";
		};
		5360E66220A9CBAD005BBB47 /* SupportingFiles */ = {
			isa = PBXGroup;
			children = (
				5360E65720A9CB8A005BBB47 /* LaunchScreen.storyboard */,
				5360E65520A9CB8A005BBB47 /* Assets.xcassets */,
				5360E64E20A9CB89005BBB47 /* AppDelegate.swift */,
			);
			path = SupportingFiles;
			sourceTree = "<group>";
		};
		5360E66B20A9CD3A005BBB47 /* NLCache */ = {
			isa = PBXGroup;
			children = (
				5360E66F20A9CD3A005BBB47 /* NLCache.swift */,
				53EF95C720AEB6E700503771 /* NLDiskCache.swift */,
				53EF95CB20AECA5800503771 /* NLKVStorage.swift */,
				53EF95C920AECA3F00503771 /* NLKVStorageItem.swift */,
				5360E66C20A9CD3A005BBB47 /* NLMemoryCache.swift */,
				5360E66E20A9CD3A005BBB47 /* NLLinkedMap.swift */,
				5360E66D20A9CD3A005BBB47 /* NLLinkedMapNode.swift */,
			);
			name = NLCache;
			path = ../NLCache;
			sourceTree = "<group>";
		};
/* End PBXGroup section */

/* Begin PBXNativeTarget section */
		5360E64A20A9CB89005BBB47 /* Demo */ = {
			isa = PBXNativeTarget;
			buildConfigurationList = 5360E65D20A9CB8A005BBB47 /* Build configuration list for PBXNativeTarget "Demo" */;
			buildPhases = (
				5360E64720A9CB89005BBB47 /* Sources */,
				5360E64820A9CB89005BBB47 /* Frameworks */,
				5360E64920A9CB89005BBB47 /* Resources */,
			);
			buildRules = (
			);
			dependencies = (
			);
			name = Demo;
			productName = Demo;
			productReference = 5360E64B20A9CB89005BBB47 /* Demo.app */;
			productType = "com.apple.product-type.application";
		};
/* End PBXNativeTarget section */

/* Begin PBXProject section */
		5360E64320A9CB89005BBB47 /* Project object */ = {
			isa = PBXProject;
			attributes = {
				LastSwiftUpdateCheck = 0930;
				LastUpgradeCheck = 0930;
				ORGANIZATIONNAME = Nathan;
				TargetAttributes = {
					5360E64A20A9CB89005BBB47 = {
						CreatedOnToolsVersion = 9.3;
					};
				};
			};
			buildConfigurationList = 5360E64620A9CB89005BBB47 /* Build configuration list for PBXProject "Demo" */;
			compatibilityVersion = "Xcode 9.3";
			developmentRegion = en;
			hasScannedForEncodings = 0;
			knownRegions = (
				en,
				Base,
			);
			mainGroup = 5360E64220A9CB89005BBB47;
			productRefGroup = 5360E64C20A9CB89005BBB47 /* Products */;
			projectDirPath = "";
			projectRoot = "";
			targets = (
				5360E64A20A9CB89005BBB47 /* Demo */,
			);
		};
/* End PBXProject section */

/* Begin PBXResourcesBuildPhase section */
		5360E64920A9CB89005BBB47 /* Resources */ = {
			isa = PBXResourcesBuildPhase;
			buildActionMask = 2147483647;
			files = (
				5360E65920A9CB8A005BBB47 /* LaunchScreen.storyboard in Resources */,
				5360E65620A9CB8A005BBB47 /* Assets.xcassets in Resources */,
				5360E65420A9CB89005BBB47 /* Main.storyboard in Resources */,
			);
			runOnlyForDeploymentPostprocessing = 0;
		};
/* End PBXResourcesBuildPhase section */

/* Begin PBXSourcesBuildPhase section */
		5360E64720A9CB89005BBB47 /* Sources */ = {
			isa = PBXSourcesBuildPhase;
			buildActionMask = 2147483647;
			files = (
				5360E67320A9CD3A005BBB47 /* NLCache.swift in Sources */,
				5360E65120A9CB89005BBB47 /* ViewController.swift in Sources */,
				5360E67120A9CD3A005BBB47 /* NLLinkedMapNode.swift in Sources */,
				53EF95C820AEB6E700503771 /* NLDiskCache.swift in Sources */,
				5360E64F20A9CB89005BBB47 /* AppDelegate.swift in Sources */,
				5360E67020A9CD3A005BBB47 /* NLMemoryCache.swift in Sources */,
				5360E67220A9CD3A005BBB47 /* NLLinkedMap.swift in Sources */,
				53EF95CC20AECA5800503771 /* NLKVStorage.swift in Sources */,
				53EF95CA20AECA3F00503771 /* NLKVStorageItem.swift in Sources */,
			);
			runOnlyForDeploymentPostprocessing = 0;
		};
/* End PBXSourcesBuildPhase section */

/* Begin PBXVariantGroup section */
		5360E65220A9CB89005BBB47 /* Main.storyboard */ = {
			isa = PBXVariantGroup;
			children = (
				5360E65320A9CB89005BBB47 /* Base */,
			);
			name = Main.storyboard;
			sourceTree = "<group>";
		};
		5360E65720A9CB8A005BBB47 /* LaunchScreen.storyboard */ = {
			isa = PBXVariantGroup;
			children = (
				5360E65820A9CB8A005BBB47 /* Base */,
			);
			name = LaunchScreen.storyboard;
			sourceTree = "<group>";
		};
/* End PBXVariantGroup section */

/* Begin XCBuildConfiguration section */
		5360E65B20A9CB8A005BBB47 /* Debug */ = {
			isa = XCBuildConfiguration;
			buildSettings = {
				ALWAYS_SEARCH_USER_PATHS = NO;
				CLANG_ANALYZER_NONNULL = YES;
				CLANG_ANALYZER_NUMBER_OBJECT_CONVERSION = YES_AGGRESSIVE;
				CLANG_CXX_LANGUAGE_STANDARD = "gnu++14";
				CLANG_CXX_LIBRARY = "libc++";
				CLANG_ENABLE_MODULES = YES;
				CLANG_ENABLE_OBJC_ARC = YES;
				CLANG_ENABLE_OBJC_WEAK = YES;
				CLANG_WARN_BLOCK_CAPTURE_AUTORELEASING = YES;
				CLANG_WARN_BOOL_CONVERSION = YES;
				CLANG_WARN_COMMA = YES;
				CLANG_WARN_CONSTANT_CONVERSION = YES;
				CLANG_WARN_DEPRECATED_OBJC_IMPLEMENTATIONS = YES;
				CLANG_WARN_DIRECT_OBJC_ISA_USAGE = YES_ERROR;
				CLANG_WARN_DOCUMENTATION_COMMENTS = YES;
				CLANG_WARN_EMPTY_BODY = YES;
				CLANG_WARN_ENUM_CONVERSION = YES;
				CLANG_WARN_INFINITE_RECURSION = YES;
				CLANG_WARN_INT_CONVERSION = YES;
				CLANG_WARN_NON_LITERAL_NULL_CONVERSION = YES;
				CLANG_WARN_OBJC_IMPLICIT_RETAIN_SELF = YES;
				CLANG_WARN_OBJC_LITERAL_CONVERSION = YES;
				CLANG_WARN_OBJC_ROOT_CLASS = YES_ERROR;
				CLANG_WARN_RANGE_LOOP_ANALYSIS = YES;
				CLANG_WARN_STRICT_PROTOTYPES = YES;
				CLANG_WARN_SUSPICIOUS_MOVE = YES;
				CLANG_WARN_UNGUARDED_AVAILABILITY = YES_AGGRESSIVE;
				CLANG_WARN_UNREACHABLE_CODE = YES;
				CLANG_WARN__DUPLICATE_METHOD_MATCH = YES;
				CODE_SIGN_IDENTITY = "iPhone Developer";
				COPY_PHASE_STRIP = NO;
				DEBUG_INFORMATION_FORMAT = dwarf;
				ENABLE_STRICT_OBJC_MSGSEND = YES;
				ENABLE_TESTABILITY = YES;
				GCC_C_LANGUAGE_STANDARD = gnu11;
				GCC_DYNAMIC_NO_PIC = NO;
				GCC_NO_COMMON_BLOCKS = YES;
				GCC_OPTIMIZATION_LEVEL = 0;
				GCC_PREPROCESSOR_DEFINITIONS = (
					"DEBUG=1",
					"$(inherited)",
				);
				GCC_WARN_64_TO_32_BIT_CONVERSION = YES;
				GCC_WARN_ABOUT_RETURN_TYPE = YES_ERROR;
				GCC_WARN_UNDECLARED_SELECTOR = YES;
				GCC_WARN_UNINITIALIZED_AUTOS = YES_AGGRESSIVE;
				GCC_WARN_UNUSED_FUNCTION = YES;
				GCC_WARN_UNUSED_VARIABLE = YES;
				IPHONEOS_DEPLOYMENT_TARGET = 11.3;
				MTL_ENABLE_DEBUG_INFO = YES;
				ONLY_ACTIVE_ARCH = YES;
				SDKROOT = iphoneos;
				SWIFT_ACTIVE_COMPILATION_CONDITIONS = DEBUG;
				SWIFT_OPTIMIZATION_LEVEL = "-Onone";
			};
			name = Debug;
		};
		5360E65C20A9CB8A005BBB47 /* Release */ = {
			isa = XCBuildConfiguration;
			buildSettings = {
				ALWAYS_SEARCH_USER_PATHS = NO;
				CLANG_ANALYZER_NONNULL = YES;
				CLANG_ANALYZER_NUMBER_OBJECT_CONVERSION = YES_AGGRESSIVE;
				CLANG_CXX_LANGUAGE_STANDARD = "gnu++14";
				CLANG_CXX_LIBRARY = "libc++";
				CLANG_ENABLE_MODULES = YES;
				CLANG_ENABLE_OBJC_ARC = YES;
				CLANG_ENABLE_OBJC_WEAK = YES;
				CLANG_WARN_BLOCK_CAPTURE_AUTORELEASING = YES;
				CLANG_WARN_BOOL_CONVERSION = YES;
				CLANG_WARN_COMMA = YES;
				CLANG_WARN_CONSTANT_CONVERSION = YES;
				CLANG_WARN_DEPRECATED_OBJC_IMPLEMENTATIONS = YES;
				CLANG_WARN_DIRECT_OBJC_ISA_USAGE = YES_ERROR;
				CLANG_WARN_DOCUMENTATION_COMMENTS = YES;
				CLANG_WARN_EMPTY_BODY = YES;
				CLANG_WARN_ENUM_CONVERSION = YES;
				CLANG_WARN_INFINITE_RECURSION = YES;
				CLANG_WARN_INT_CONVERSION = YES;
				CLANG_WARN_NON_LITERAL_NULL_CONVERSION = YES;
				CLANG_WARN_OBJC_IMPLICIT_RETAIN_SELF = YES;
				CLANG_WARN_OBJC_LITERAL_CONVERSION = YES;
				CLANG_WARN_OBJC_ROOT_CLASS = YES_ERROR;
				CLANG_WARN_RANGE_LOOP_ANALYSIS = YES;
				CLANG_WARN_STRICT_PROTOTYPES = YES;
				CLANG_WARN_SUSPICIOUS_MOVE = YES;
				CLANG_WARN_UNGUARDED_AVAILABILITY = YES_AGGRESSIVE;
				CLANG_WARN_UNREACHABLE_CODE = YES;
				CLANG_WARN__DUPLICATE_METHOD_MATCH = YES;
				CODE_SIGN_IDENTITY = "iPhone Developer";
				COPY_PHASE_STRIP = NO;
				DEBUG_INFORMATION_FORMAT = "dwarf-with-dsym";
				ENABLE_NS_ASSERTIONS = NO;
				ENABLE_STRICT_OBJC_MSGSEND = YES;
				GCC_C_LANGUAGE_STANDARD = gnu11;
				GCC_NO_COMMON_BLOCKS = YES;
				GCC_WARN_64_TO_32_BIT_CONVERSION = YES;
				GCC_WARN_ABOUT_RETURN_TYPE = YES_ERROR;
				GCC_WARN_UNDECLARED_SELECTOR = YES;
				GCC_WARN_UNINITIALIZED_AUTOS = YES_AGGRESSIVE;
				GCC_WARN_UNUSED_FUNCTION = YES;
				GCC_WARN_UNUSED_VARIABLE = YES;
				IPHONEOS_DEPLOYMENT_TARGET = 11.3;
				MTL_ENABLE_DEBUG_INFO = NO;
				SDKROOT = iphoneos;
				SWIFT_COMPILATION_MODE = wholemodule;
				SWIFT_OPTIMIZATION_LEVEL = "-O";
				VALIDATE_PRODUCT = YES;
			};
			name = Release;
		};
		5360E65E20A9CB8A005BBB47 /* Debug */ = {
			isa = XCBuildConfiguration;
			buildSettings = {
				ASSETCATALOG_COMPILER_APPICON_NAME = AppIcon;
				CODE_SIGN_STYLE = Automatic;
				DEVELOPMENT_TEAM = 4BK622B2V3;
				GCC_PREFIX_HEADER = "";
				INFOPLIST_FILE = Demo/Info.plist;
				LD_RUNPATH_SEARCH_PATHS = (
					"$(inherited)",
					"@executable_path/Frameworks",
				);
				PRODUCT_BUNDLE_IDENTIFIER = nathan.Demo;
				PRODUCT_NAME = "$(TARGET_NAME)";
				SWIFT_OBJC_BRIDGING_HEADER = "";
				SWIFT_VERSION = 4.0;
				TARGETED_DEVICE_FAMILY = "1,2";
			};
			name = Debug;
		};
		5360E65F20A9CB8A005BBB47 /* Release */ = {
			isa = XCBuildConfiguration;
			buildSettings = {
				ASSETCATALOG_COMPILER_APPICON_NAME = AppIcon;
				CODE_SIGN_STYLE = Automatic;
				DEVELOPMENT_TEAM = 4BK622B2V3;
				GCC_PREFIX_HEADER = "";
				INFOPLIST_FILE = Demo/Info.plist;
				LD_RUNPATH_SEARCH_PATHS = (
					"$(inherited)",
					"@executable_path/Frameworks",
				);
				PRODUCT_BUNDLE_IDENTIFIER = nathan.Demo;
				PRODUCT_NAME = "$(TARGET_NAME)";
				SWIFT_OBJC_BRIDGING_HEADER = "";
				SWIFT_VERSION = 4.0;
				TARGETED_DEVICE_FAMILY = "1,2";
			};
			name = Release;
		};
/* End XCBuildConfiguration section */

/* Begin XCConfigurationList section */
		5360E64620A9CB89005BBB47 /* Build configuration list for PBXProject "Demo" */ = {
			isa = XCConfigurationList;
			buildConfigurations = (
				5360E65B20A9CB8A005BBB47 /* Debug */,
				5360E65C20A9CB8A005BBB47 /* Release */,
			);
			defaultConfigurationIsVisible = 0;
			defaultConfigurationName = Release;
		};
		5360E65D20A9CB8A005BBB47 /* Build configuration list for PBXNativeTarget "Demo" */ = {
			isa = XCConfigurationList;
			buildConfigurations = (
				5360E65E20A9CB8A005BBB47 /* Debug */,
				5360E65F20A9CB8A005BBB47 /* Release */,
			);
			defaultConfigurationIsVisible = 0;
			defaultConfigurationName = Release;
		};
/* End XCConfigurationList section */
	};
	rootObject = 5360E64320A9CB89005BBB47 /* Project object */;
}
